
Microsoft Visual Studio Solution File, Format Version 12.00
# Visual Studio Version 16
VisualStudioVersion = 16.0.31727.386
MinimumVisualStudioVersion = 10.0.40219.1
Project("{8BC9CEB8-8B4A-11D0-8D11-00A0C91BC942}") = "BTVN", "BTVN\BTVN.vcxproj", "{DE1D01FA-B8F2-4C54-BA1B-FAF9E319A11D}"
EndProject
Project("{8BC9CEB8-8B4A-11D0-8D11-00A0C91BC942}") = "BTVN1", "BTVN1\BTVN1.vcxproj", "{A0B4EC8C-12BC-4318-B1D1-C1569BF1FCF6}"
EndProject
Project("{8BC9CEB8-8B4A-11D0-8D11-00A0C91BC942}") = "BTVN2", "BTVN2\BTVN2.vcxproj", "{DA73319B-A178-4D35-8E56-3227E841309B}"
EndProject
Project("{8BC9CEB8-8B4A-11D0-8D11-00A0C91BC942}") = "BTVN3", "BTVN3\BTVN3.vcxproj", "{3C31C10B-DE56-4A1D-87E7-4209EC88B566}"
EndProject
Project("{8BC9CEB8-8B4A-11D0-8D11-00A0C91BC942}") = "BTVN5", "BTVN5\BTVN5.vcxproj", "{810A0E97-2C7D-4E61-87DA-1E7FE584C2F1}"
EndProject
Project("{8BC9CEB8-8B4A-11D0-8D11-00A0C91BC942}") = "BTVN6-nâng cao", "BTVN6-nâng cao\BTVN6-nâng cao.vcxproj", "{2A2DB26B-5A9D-4E8B-AD42-795300A8674D}"
EndProject
Project("{8BC9CEB8-8B4A-11D0-8D11-00A0C91BC942}") = "BTVN6A", "BTVN6A\BTVN6A.vcxproj", "{86F93E78-7C66-42F3-9F7D-5CA6B29CCE75}"
EndProject
Project("{8BC9CEB8-8B4A-11D0-8D11-00A0C91BC942}") = "BTVN6B", "BTVN6B\BTVN6B.vcxproj", "{1AEEC0E5-D0CC-4E14-B77C-5417B6245456}"
EndProject
Global
	GlobalSection(SolutionConfigurationPlatforms) = preSolution
		Debug|x64 = Debug|x64
		Debug|x86 = Debug|x86
		Release|x64 = Release|x64
		Release|x86 = Release|x86
	EndGlobalSection
	GlobalSection(ProjectConfigurationPlatforms) = postSolution
		{DE1D01FA-B8F2-4C54-BA1B-FAF9E319A11D}.Debug|x64.ActiveCfg = Debug|x64
		{DE1D01FA-B8F2-4C54-BA1B-FAF9E319A11D}.Debug|x64.Build.0 = Debug|x64
		{DE1D01FA-B8F2-4C54-BA1B-FAF9E319A11D}.Debug|x86.ActiveCfg = Debug|Win32
		{DE1D01FA-B8F2-4C54-BA1B-FAF9E319A11D}.Debug|x86.Build.0 = Debug|Win32
		{DE1D01FA-B8F2-4C54-BA1B-FAF9E319A11D}.Release|x64.ActiveCfg = Release|x64
		{DE1D01FA-B8F2-4C54-BA1B-FAF9E319A11D}.Release|x64.Build.0 = Release|x64
		{DE1D01FA-B8F2-4C54-BA1B-FAF9E319A11D}.Release|x86.ActiveCfg = Release|Win32
		{DE1D01FA-B8F2-4C54-BA1B-FAF9E319A11D}.Release|x86.Build.0 = Release|Win32
		{A0B4EC8C-12BC-4318-B1D1-C1569BF1FCF6}.Debug|x64.ActiveCfg = Debug|x64
		{A0B4EC8C-12BC-4318-B1D1-C1569BF1FCF6}.Debug|x64.Build.0 = Debug|x64
		{A0B4EC8C-12BC-4318-B1D1-C1569BF1FCF6}.Debug|x86.ActiveCfg = Debug|Win32
		{A0B4EC8C-12BC-4318-B1D1-C1569BF1FCF6}.Debug|x86.Build.0 = Debug|Win32
		{A0B4EC8C-12BC-4318-B1D1-C1569BF1FCF6}.Release|x64.ActiveCfg = Release|x64
		{A0B4EC8C-12BC-4318-B1D1-C1569BF1FCF6}.Release|x64.Build.0 = Release|x64
		{A0B4EC8C-12BC-4318-B1D1-C1569BF1FCF6}.Release|x86.ActiveCfg = Release|Win32
		{A0B4EC8C-12BC-4318-B1D1-C1569BF1FCF6}.Release|x86.Build.0 = Release|Win32
		{DA73319B-A178-4D35-8E56-3227E841309B}.Debug|x64.ActiveCfg = Debug|x64
		{DA73319B-A178-4D35-8E56-3227E841309B}.Debug|x64.Build.0 = Debug|x64
		{DA73319B-A178-4D35-8E56-3227E841309B}.Debug|x86.ActiveCfg = Debug|Win32
		{DA73319B-A178-4D35-8E56-3227E841309B}.Debug|x86.Build.0 = Debug|Win32
		{DA73319B-A178-4D35-8E56-3227E841309B}.Release|x64.ActiveCfg = Release|x64
		{DA73319B-A178-4D35-8E56-3227E841309B}.Release|x64.Build.0 = Release|x64
		{DA73319B-A178-4D35-8E56-3227E841309B}.Release|x86.ActiveCfg = Release|Win32
		{DA73319B-A178-4D35-8E56-3227E841309B}.Release|x86.Build.0 = Release|Win32
		{3C31C10B-DE56-4A1D-87E7-4209EC88B566}.Debug|x64.ActiveCfg = Debug|x64
		{3C31C10B-DE56-4A1D-87E7-4209EC88B566}.Debug|x64.Build.0 = Debug|x64
		{3C31C10B-DE56-4A1D-87E7-4209EC88B566}.Debug|x86.ActiveCfg = Debug|Win32
		{3C31C10B-DE56-4A1D-87E7-4209EC88B566}.Debug|x86.Build.0 = Debug|Win32
		{3C31C10B-DE56-4A1D-87E7-4209EC88B566}.Release|x64.ActiveCfg = Release|x64
		{3C31C10B-DE56-4A1D-87E7-4209EC88B566}.Release|x64.Build.0 = Release|x64
		{3C31C10B-DE56-4A1D-87E7-4209EC88B566}.Release|x86.ActiveCfg = Release|Win32
		{3C31C10B-DE56-4A1D-87E7-4209EC88B566}.Release|x86.Build.0 = Release|Win32
		{810A0E97-2C7D-4E61-87DA-1E7FE584C2F1}.Debug|x64.ActiveCfg = Debug|x64
		{810A0E97-2C7D-4E61-87DA-1E7FE584C2F1}.Debug|x64.Build.0 = Debug|x64
		{810A0E97-2C7D-4E61-87DA-1E7FE584C2F1}.Debug|x86.ActiveCfg = Debug|Win32
		{810A0E97-2C7D-4E61-87DA-1E7FE584C2F1}.Debug|x86.Build.0 = Debug|Win32
		{810A0E97-2C7D-4E61-87DA-1E7FE584C2F1}.Release|x64.ActiveCfg = Release|x64
		{810A0E97-2C7D-4E61-87DA-1E7FE584C2F1}.Release|x64.Build.0 = Release|x64
		{810A0E97-2C7D-4E61-87DA-1E7FE584C2F1}.Release|x86.ActiveCfg = Release|Win32
		{810A0E97-2C7D-4E61-87DA-1E7FE584C2F1}.Release|x86.Build.0 = Release|Win32
		{2A2DB26B-5A9D-4E8B-AD42-795300A8674D}.Debug|x64.ActiveCfg = Debug|x64
		{2A2DB26B-5A9D-4E8B-AD42-795300A8674D}.Debug|x64.Build.0 = Debug|x64
		{2A2DB26B-5A9D-4E8B-AD42-795300A8674D}.Debug|x86.ActiveCfg = Debug|Win32
		{2A2DB26B-5A9D-4E8B-AD42-795300A8674D}.Debug|x86.Build.0 = Debug|Win32
		{2A2DB26B-5A9D-4E8B-AD42-795300A8674D}.Release|x64.ActiveCfg = Release|x64
		{2A2DB26B-5A9D-4E8B-AD42-795300A8674D}.Release|x64.Build.0 = Release|x64
		{2A2DB26B-5A9D-4E8B-AD42-795300A8674D}.Release|x86.ActiveCfg = Release|Win32
		{2A2DB26B-5A9D-4E8B-AD42-795300A8674D}.Release|x86.Build.0 = Release|Win32
		{86F93E78-7C66-42F3-9F7D-5CA6B29CCE75}.Debug|x64.ActiveCfg = Debug|x64
		{86F93E78-7C66-42F3-9F7D-5CA6B29CCE75}.Debug|x64.Build.0 = Debug|x64
		{86F93E78-7C66-42F3-9F7D-5CA6B29CCE75}.Debug|x86.ActiveCfg = Debug|Win32
		{86F93E78-7C66-42F3-9F7D-5CA6B29CCE75}.Debug|x86.Build.0 = Debug|Win32
		{86F93E78-7C66-42F3-9F7D-5CA6B29CCE75}.Release|x64.ActiveCfg = Release|x64
		{86F93E78-7C66-42F3-9F7D-5CA6B29CCE75}.Release|x64.Build.0 = Release|x64
		{86F93E78-7C66-42F3-9F7D-5CA6B29CCE75}.Release|x86.ActiveCfg = Release|Win32
		{86F93E78-7C66-42F3-9F7D-5CA6B29CCE75}.Release|x86.Build.0 = Release|Win32
		{1AEEC0E5-D0CC-4E14-B77C-5417B6245456}.Debug|x64.ActiveCfg = Debug|x64
		{1AEEC0E5-D0CC-4E14-B77C-5417B6245456}.Debug|x64.Build.0 = Debug|x64
		{1AEEC0E5-D0CC-4E14-B77C-5417B6245456}.Debug|x86.ActiveCfg = Debug|Win32
		{1AEEC0E5-D0CC-4E14-B77C-5417B6245456}.Debug|x86.Build.0 = Debug|Win32
		{1AEEC0E5-D0CC-4E14-B77C-5417B6245456}.Release|x64.ActiveCfg = Release|x64
		{1AEEC0E5-D0CC-4E14-B77C-5417B6245456}.Release|x64.Build.0 = Release|x64
		{1AEEC0E5-D0CC-4E14-B77C-5417B6245456}.Release|x86.ActiveCfg = Release|Win32
		{1AEEC0E5-D0CC-4E14-B77C-5417B6245456}.Release|x86.Build.0 = Release|Win32
	EndGlobalSection
	GlobalSection(SolutionProperties) = preSolution
		HideSolutionNode = FALSE
	EndGlobalSection
	GlobalSection(ExtensibilityGlobals) = postSolution
		SolutionGuid = {1BA05D0B-DC59-4ECA-9972-CE8FF8A05270}
	EndGlobalSection
EndGlobal
